// !$*UTF8*$!
{
	archiveVersion = 1;
	classes = {
	};
	objectVersion = 46;
	objects = {

/* Begin PBXBuildFile section */
		3E6F7E1F1AB9BD3B00C988F8 /* AppDelegate.swift in Sources */ = {isa = PBXBuildFile; fileRef = 3E6F7E1E1AB9BD3B00C988F8 /* AppDelegate.swift */; };
		3E6F7E211AB9BD3B00C988F8 /* ViewController.swift in Sources */ = {isa = PBXBuildFile; fileRef = 3E6F7E201AB9BD3B00C988F8 /* ViewController.swift */; };
		3E6F7E241AB9BD3B00C988F8 /* Main.storyboard in Resources */ = {isa = PBXBuildFile; fileRef = 3E6F7E221AB9BD3B00C988F8 /* Main.storyboard */; };
		3E6F7E261AB9BD3B00C988F8 /* Images.xcassets in Resources */ = {isa = PBXBuildFile; fileRef = 3E6F7E251AB9BD3B00C988F8 /* Images.xcassets */; };
		3E6F7E291AB9BD3B00C988F8 /* LaunchScreen.xib in Resources */ = {isa = PBXBuildFile; fileRef = 3E6F7E271AB9BD3B00C988F8 /* LaunchScreen.xib */; };
		3E6F7E351AB9BD3B00C988F8 /* SwiftLoginTests.swift in Sources */ = {isa = PBXBuildFile; fileRef = 3E6F7E341AB9BD3B00C988F8 /* SwiftLoginTests.swift */; };
/* End PBXBuildFile section */

/* Begin PBXContainerItemProxy section */
		3E6F7E2F1AB9BD3B00C988F8 /* PBXContainerItemProxy */ = {
			isa = PBXContainerItemProxy;
			containerPortal = 3E6F7E111AB9BD3B00C988F8 /* Project object */;
			proxyType = 1;
			remoteGlobalIDString = 3E6F7E181AB9BD3B00C988F8;
			remoteInfo = SwiftLogin;
		};
/* End PBXContainerItemProxy section */

/* Begin PBXFileReference section */
		3E6F7E191AB9BD3B00C988F8 /* SwiftLogin.app */ = {isa = PBXFileReference; explicitFileType = wrapper.application; includeInIndex = 0; path = SwiftLogin.app; sourceTree = BUILT_PRODUCTS_DIR; };
		3E6F7E1D1AB9BD3B00C988F8 /* Info.plist */ = {isa = PBXFileReference; lastKnownFileType = text.plist.xml; path = Info.plist; sourceTree = "<group>"; };
		3E6F7E1E1AB9BD3B00C988F8 /* AppDelegate.swift */ = {isa = PBXFileReference; lastKnownFileType = sourcecode.swift; path = AppDelegate.swift; sourceTree = "<group>"; };
		3E6F7E201AB9BD3B00C988F8 /* ViewController.swift */ = {isa = PBXFileReference; lastKnownFileType = sourcecode.swift; path = ViewController.swift; sourceTree = "<group>"; };
		3E6F7E231AB9BD3B00C988F8 /* Base */ = {isa = PBXFileReference; lastKnownFileType = file.storyboard; name = Base; path = Base.lproj/Main.storyboard; sourceTree = "<group>"; };
		3E6F7E251AB9BD3B00C988F8 /* Images.xcassets */ = {isa = PBXFileReference; lastKnownFileType = folder.assetcatalog; path = Images.xcassets; sourceTree = "<group>"; };
		3E6F7E281AB9BD3B00C988F8 /* Base */ = {isa = PBXFileReference; lastKnownFileType = file.xib; name = Base; path = Base.lproj/LaunchScreen.xib; sourceTree = "<group>"; };
		3E6F7E2E1AB9BD3B00C988F8 /* SwiftLoginTests.xctest */ = {isa = PBXFileReference; explicitFileType = wrapper.cfbundle; includeInIndex = 0; path = SwiftLoginTests.xctest; sourceTree = BUILT_PRODUCTS_DIR; };
		3E6F7E331AB9BD3B00C988F8 /* Info.plist */ = {isa = PBXFileReference; lastKnownFileType = text.plist.xml; path = Info.plist; sourceTree = "<group>"; };
		3E6F7E341AB9BD3B00C988F8 /* SwiftLoginTests.swift */ = {isa = PBXFileReference; lastKnownFileType = sourcecode.swift; path = SwiftLoginTests.swift; sourceTree = "<group>"; };
/* End PBXFileReference section */

/* Begin PBXFrameworksBuildPhase section */
		3E6F7E161AB9BD3B00C988F8 /* Frameworks */ = {
			isa = PBXFrameworksBuildPhase;
			buildActionMask = 2147483647;
			files = (
			);
			runOnlyForDeploymentPostprocessing = 0;
		};
		3E6F7E2B1AB9BD3B00C988F8 /* Frameworks */ = {
			isa = PBXFrameworksBuildPhase;
			buildActionMask = 2147483647;
			files = (
			);
			runOnlyForDeploymentPostprocessing = 0;
		};
/* End PBXFrameworksBuildPhase section */

/* Begin PBXGroup section */
		3E6F7E101AB9BD3B00C988F8 = {
			isa = PBXGroup;
			children = (
				3E6F7E1B1AB9BD3B00C988F8 /* SwiftLogin */,
				3E6F7E311AB9BD3B00C988F8 /* SwiftLoginTests */,
				3E6F7E1A1AB9BD3B00C988F8 /* Products */,
			);
			sourceTree = "<group>";
		};
		3E6F7E1A1AB9BD3B00C988F8 /* Products */ = {
			isa = PBXGroup;
			children = (
				3E6F7E191AB9BD3B00C988F8 /* SwiftLogin.app */,
				3E6F7E2E1AB9BD3B00C988F8 /* SwiftLoginTests.xctest */,
			);
			name = Products;
			sourceTree = "<group>";
		};
		3E6F7E1B1AB9BD3B00C988F8 /* SwiftLogin */ = {
			isa = PBXGroup;
			children = (
				3E6F7E1E1AB9BD3B00C988F8 /* AppDelegate.swift */,
				3E6F7E201AB9BD3B00C988F8 /* ViewController.swift */,
				3E6F7E221AB9BD3B00C988F8 /* Main.storyboard */,
				3E6F7E251AB9BD3B00C988F8 /* Images.xcassets */,
				3E6F7E271AB9BD3B00C988F8 /* LaunchScreen.xib */,
				3E6F7E1C1AB9BD3B00C988F8 /* Supporting Files */,
			);
			path = SwiftLogin;
			sourceTree = "<group>";
		};
		3E6F7E1C1AB9BD3B00C988F8 /* Supporting Files */ = {
			isa = PBXGroup;
			children = (
				3E6F7E1D1AB9BD3B00C988F8 /* Info.plist */,
			);
			name = "Supporting Files";
			sourceTree = "<group>";
		};
		3E6F7E311AB9BD3B00C988F8 /* SwiftLoginTests */ = {
			isa = PBXGroup;
			children = (
				3E6F7E341AB9BD3B00C988F8 /* SwiftLoginTests.swift */,
				3E6F7E321AB9BD3B00C988F8 /* Supporting Files */,
			);
			path = SwiftLoginTests;
			sourceTree = "<group>";
		};
		3E6F7E321AB9BD3B00C988F8 /* Supporting Files */ = {
			isa = PBXGroup;
			children = (
				3E6F7E331AB9BD3B00C988F8 /* Info.plist */,
			);
			name = "Supporting Files";
			sourceTree = "<group>";
		};
/* End PBXGroup section */

/* Begin PBXNativeTarget section */
		3E6F7E181AB9BD3B00C988F8 /* SwiftLogin */ = {
			isa = PBXNativeTarget;
			buildConfigurationList = 3E6F7E381AB9BD3B00C988F8 /* Build configuration list for PBXNativeTarget "SwiftLogin" */;
			buildPhases = (
				3E6F7E151AB9BD3B00C988F8 /* Sources */,
				3E6F7E161AB9BD3B00C988F8 /* Frameworks */,
				3E6F7E171AB9BD3B00C988F8 /* Resources */,
			);
			buildRules = (
			);
			dependencies = (
			);
			name = SwiftLogin;
			productName = SwiftLogin;
			productReference = 3E6F7E191AB9BD3B00C988F8 /* SwiftLogin.app */;
			productType = "com.apple.product-type.application";
		};
		3E6F7E2D1AB9BD3B00C988F8 /* SwiftLoginTests */ = {
			isa = PBXNativeTarget;
			buildConfigurationList = 3E6F7E3B1AB9BD3B00C988F8 /* Build configuration list for PBXNativeTarget "SwiftLoginTests" */;
			buildPhases = (
				3E6F7E2A1AB9BD3B00C988F8 /* Sources */,
				3E6F7E2B1AB9BD3B00C988F8 /* Frameworks */,
				3E6F7E2C1AB9BD3B00C988F8 /* Resources */,
			);
			buildRules = (
			);
			dependencies = (
				3E6F7E301AB9BD3B00C988F8 /* PBXTargetDependency */,
			);
			name = SwiftLoginTests;
			productName = SwiftLoginTests;
			productReference = 3E6F7E2E1AB9BD3B00C988F8 /* SwiftLoginTests.xctest */;
			productType = "com.apple.product-type.bundle.unit-test";
		};
/* End PBXNativeTarget section */

/* Begin PBXProject section */
		3E6F7E111AB9BD3B00C988F8 /* Project object */ = {
			isa = PBXProject;
			attributes = {
				LastUpgradeCheck = 0620;
				ORGANIZATIONNAME = eqot;
				TargetAttributes = {
					3E6F7E181AB9BD3B00C988F8 = {
						CreatedOnToolsVersion = 6.2;
					};
					3E6F7E2D1AB9BD3B00C988F8 = {
						CreatedOnToolsVersion = 6.2;
						TestTargetID = 3E6F7E181AB9BD3B00C988F8;
					};
				};
			};
			buildConfigurationList = 3E6F7E141AB9BD3B00C988F8 /* Build configuration list for PBXProject "SwiftLogin" */;
			compatibilityVersion = "Xcode 3.2";
			developmentRegion = English;
			hasScannedForEncodings = 0;
			knownRegions = (
				en,
				Base,
			);
			mainGroup = 3E6F7E101AB9BD3B00C988F8;
			productRefGroup = 3E6F7E1A1AB9BD3B00C988F8 /* Products */;
			projectDirPath = "";
			projectRoot = "";
			targets = (
				3E6F7E181AB9BD3B00C988F8 /* SwiftLogin */,
				3E6F7E2D1AB9BD3B00C988F8 /* SwiftLoginTests */,
			);
		};
/* End PBXProject section */

/* Begin PBXResourcesBuildPhase section */
		3E6F7E171AB9BD3B00C988F8 /* Resources */ = {
			isa = PBXResourcesBuildPhase;
			buildActionMask = 2147483647;
			files = (
				3E6F7E241AB9BD3B00C988F8 /* Main.storyboard in Resources */,
				3E6F7E291AB9BD3B00C988F8 /* LaunchScreen.xib in Resources */,
				3E6F7E261AB9BD3B00C988F8 /* Images.xcassets in Resources */,
			);
			runOnlyForDeploymentPostprocessing = 0;
		};
		3E6F7E2C1AB9BD3B00C988F8 /* Resources */ = {
			isa = PBXResourcesBuildPhase;
			buildActionMask = 2147483647;
			files = (
			);
			runOnlyForDeploymentPostprocessing = 0;
		};
/* End PBXResourcesBuildPhase section */

/* Begin PBXSourcesBuildPhase section */
		3E6F7E151AB9BD3B00C988F8 /* Sources */ = {
			isa = PBXSourcesBuildPhase;
			buildActionMask = 2147483647;
			files = (
				3E6F7E211AB9BD3B00C988F8 /* ViewController.swift in Sources */,
				3E6F7E1F1AB9BD3B00C988F8 /* AppDelegate.swift in Sources */,
			);
			runOnlyForDeploymentPostprocessing = 0;
		};
		3E6F7E2A1AB9BD3B00C988F8 /* Sources */ = {
			isa = PBXSourcesBuildPhase;
			buildActionMask = 2147483647;
			files = (
				3E6F7E351AB9BD3B00C988F8 /* SwiftLoginTests.swift in Sources */,
			);
			runOnlyForDeploymentPostprocessing = 0;
		};
/* End PBXSourcesBuildPhase section */

/* Begin PBXTargetDependency section */
		3E6F7E301AB9BD3B00C988F8 /* PBXTargetDependency */ = {
			isa = PBXTargetDependency;
			target = 3E6F7E181AB9BD3B00C988F8 /* SwiftLogin */;
			targetProxy = 3E6F7E2F1AB9BD3B00C988F8 /* PBXContainerItemProxy */;
		};
/* End PBXTargetDependency section */

/* Begin PBXVariantGroup section */
		3E6F7E221AB9BD3B00C988F8 /* Main.storyboard */ = {
			isa = PBXVariantGroup;
			children = (
				3E6F7E231AB9BD3B00C988F8 /* Base */,
			);
			name = Main.storyboard;
			sourceTree = "<group>";
		};
		3E6F7E271AB9BD3B00C988F8 /* LaunchScreen.xib */ = {
			isa = PBXVariantGroup;
			children = (
				3E6F7E281AB9BD3B00C988F8 /* Base */,
			);
			name = LaunchScreen.xib;
			sourceTree = "<group>";
		};
/* End PBXVariantGroup section */

/* Begin XCBuildConfiguration section */
		3E6F7E361AB9BD3B00C988F8 /* Debug */ = {
			isa = XCBuildConfiguration;
			buildSettings = {
				ALWAYS_SEARCH_USER_PATHS = NO;
				CLANG_CXX_LANGUAGE_STANDARD = "gnu++0x";
				CLANG_CXX_LIBRARY = "libc++";
				CLANG_ENABLE_MODULES = YES;
				CLANG_ENABLE_OBJC_ARC = YES;
				CLANG_WARN_BOOL_CONVERSION = YES;
				CLANG_WARN_CONSTANT_CONVERSION = YES;
				CLANG_WARN_DIRECT_OBJC_ISA_USAGE = YES_ERROR;
				CLANG_WARN_EMPTY_BODY = YES;
				CLANG_WARN_ENUM_CONVERSION = YES;
				CLANG_WARN_INT_CONVERSION = YES;
				CLANG_WARN_OBJC_ROOT_CLASS = YES_ERROR;
				CLANG_WARN_UNREACHABLE_CODE = YES;
				CLANG_WARN__DUPLICATE_METHOD_MATCH = YES;
				"CODE_SIGN_IDENTITY[sdk=iphoneos*]" = "iPhone Developer";
				COPY_PHASE_STRIP = NO;
				ENABLE_STRICT_OBJC_MSGSEND = YES;
				GCC_C_LANGUAGE_STANDARD = gnu99;
				GCC_DYNAMIC_NO_PIC = NO;
				GCC_OPTIMIZATION_LEVEL = 0;
				GCC_PREPROCESSOR_DEFINITIONS = (
					"DEBUG=1",
					"$(inherited)",
				);
				GCC_SYMBOLS_PRIVATE_EXTERN = NO;
				GCC_WARN_64_TO_32_BIT_CONVERSION = YES;
				GCC_WARN_ABOUT_RETURN_TYPE = YES_ERROR;
				GCC_WARN_UNDECLARED_SELECTOR = YES;
				GCC_WARN_UNINITIALIZED_AUTOS = YES_AGGRESSIVE;
				GCC_WARN_UNUSED_FUNCTION = YES;
				GCC_WARN_UNUSED_VARIABLE = YES;
				IPHONEOS_DEPLOYMENT_TARGET = 8.2;
				MTL_ENABLE_DEBUG_INFO = YES;
				ONLY_ACTIVE_ARCH = YES;
				SDKROOT = iphoneos;
				SWIFT_OPTIMIZATION_LEVEL = "-Onone";
			};
			name = Debug;
		};
		3E6F7E371AB9BD3B00C988F8 /* Release */ = {
			isa = XCBuildConfiguration;
			buildSettings = {
				ALWAYS_SEARCH_USER_PATHS = NO;
				CLANG_CXX_LANGUAGE_STANDARD = "gnu++0x";
				CLANG_CXX_LIBRARY = "libc++";
				CLANG_ENABLE_MODULES = YES;
				CLANG_ENABLE_OBJC_ARC = YES;
				CLANG_WARN_BOOL_CONVERSION = YES;
				CLANG_WARN_CONSTANT_CONVERSION = YES;
				CLANG_WARN_DIRECT_OBJC_ISA_USAGE = YES_ERROR;
				CLANG_WARN_EMPTY_BODY = YES;
				CLANG_WARN_ENUM_CONVERSION = YES;
				CLANG_WARN_INT_CONVERSION = YES;
				CLANG_WARN_OBJC_ROOT_CLASS = YES_ERROR;
				CLANG_WARN_UNREACHABLE_CODE = YES;
				CLANG_WARN__DUPLICATE_METHOD_MATCH = YES;
				"CODE_SIGN_IDENTITY[sdk=iphoneos*]" = "iPhone Developer";
				COPY_PHASE_STRIP = NO;
				ENABLE_NS_ASSERTIONS = NO;
				ENABLE_STRICT_OBJC_MSGSEND = YES;
				GCC_C_LANGUAGE_STANDARD = gnu99;
				GCC_WARN_64_TO_32_BIT_CONVERSION = YES;
				GCC_WARN_ABOUT_RETURN_TYPE = YES_ERROR;
				GCC_WARN_UNDECLARED_SELECTOR = YES;
				GCC_WARN_UNINITIALIZED_AUTOS = YES_AGGRESSIVE;
				GCC_WARN_UNUSED_FUNCTION = YES;
				GCC_WARN_UNUSED_VARIABLE = YES;
				IPHONEOS_DEPLOYMENT_TARGET = 8.2;
				MTL_ENABLE_DEBUG_INFO = NO;
				SDKROOT = iphoneos;
				VALIDATE_PRODUCT = YES;
			};
			name = Release;
		};
		3E6F7E391AB9BD3B00C988F8 /* Debug */ = {
			isa = XCBuildConfiguration;
			buildSettings = {
				ASSETCATALOG_COMPILER_APPICON_NAME = AppIcon;
				INFOPLIST_FILE = SwiftLogin/Info.plist;
				LD_RUNPATH_SEARCH_PATHS = "$(inherited) @executable_path/Frameworks";
				PRODUCT_NAME = "$(TARGET_NAME)";
			};
			name = Debug;
		};
		3E6F7E3A1AB9BD3B00C988F8 /* Release */ = {
			isa = XCBuildConfiguration;
			buildSettings = {
				ASSETCATALOG_COMPILER_APPICON_NAME = AppIcon;
				INFOPLIST_FILE = SwiftLogin/Info.plist;
				LD_RUNPATH_SEARCH_PATHS = "$(inherited) @executable_path/Frameworks";
				PRODUCT_NAME = "$(TARGET_NAME)";
			};
			name = Release;
		};
		3E6F7E3C1AB9BD3B00C988F8 /* Debug */ = {
			isa = XCBuildConfiguration;
			buildSettings = {
				BUNDLE_LOADER = "$(TEST_HOST)";
				FRAMEWORK_SEARCH_PATHS = (
					"$(SDKROOT)/Developer/Library/Frameworks",
					"$(inherited)",
				);
				GCC_PREPROCESSOR_DEFINITIONS = (
					"DEBUG=1",
					"$(inherited)",
				);
				INFOPLIST_FILE = SwiftLoginTests/Info.plist;
				LD_RUNPATH_SEARCH_PATHS = "$(inherited) @executable_path/Frameworks @loader_path/Frameworks";
				PRODUCT_NAME = "$(TARGET_NAME)";
				TEST_HOST = "$(BUILT_PRODUCTS_DIR)/SwiftLogin.app/SwiftLogin";
			};
			name = Debug;
		};
		3E6F7E3D1AB9BD3B00C988F8 /* Release */ = {
			isa = XCBuildConfiguration;
			buildSettings = {
				BUNDLE_LOADER = "$(TEST_HOST)";
				FRAMEWORK_SEARCH_PATHS = (
					"$(SDKROOT)/Developer/Library/Frameworks",
					"$(inherited)",
				);
				INFOPLIST_FILE = SwiftLoginTests/Info.plist;
				LD_RUNPATH_SEARCH_PATHS = "$(inherited) @executable_path/Frameworks @loader_path/Frameworks";
				PRODUCT_NAME = "$(TARGET_NAME)";
				TEST_HOST = "$(BUILT_PRODUCTS_DIR)/SwiftLogin.app/SwiftLogin";
			};
			name = Release;
		};
/* End XCBuildConfiguration section */

/* Begin XCConfigurationList section */
		3E6F7E141AB9BD3B00C988F8 /* Build configuration list for PBXProject "SwiftLogin" */ = {
			isa = XCConfigurationList;
			buildConfigurations = (
				3E6F7E361AB9BD3B00C988F8 /* Debug */,
				3E6F7E371AB9BD3B00C988F8 /* Release */,
			);
			defaultConfigurationIsVisible = 0;
			defaultConfigurationName = Release;
		};
		3E6F7E381AB9BD3B00C988F8 /* Build configuration list for PBXNativeTarget "SwiftLogin" */ = {
			isa = XCConfigurationList;
			buildConfigurations = (
				3E6F7E391AB9BD3B00C988F8 /* Debug */,
				3E6F7E3A1AB9BD3B00C988F8 /* Release */,
			);
			defaultConfigurationIsVisible = 0;
		};
		3E6F7E3B1AB9BD3B00C988F8 /* Build configuration list for PBXNativeTarget "SwiftLoginTests" */ = {
			isa = XCConfigurationList;
			buildConfigurations = (
				3E6F7E3C1AB9BD3B00C988F8 /* Debug */,
				3E6F7E3D1AB9BD3B00C988F8 /* Release */,
			);
			defaultConfigurationIsVisible = 0;
		};
/* End XCConfigurationList section */
	};
	rootObject = 3E6F7E111AB9BD3B00C988F8 /* Project object */;
}
